
Microsoft Visual Studio Solution File, Format Version 12.00
# Visual Studio 15
VisualStudioVersion = 15.0.28010.2036
MinimumVisualStudioVersion = 10.0.40219.1
Project("{9A19103F-16F7-4668-BE54-9A1E7A4F7556}") = "2018.11.20-LinqStuff", "2018.11.20-LinqStuff.csproj", "{74765B27-1F08-4E91-8955-7349ACFF9C1A}"
EndProject
Global
	GlobalSection(SolutionConfigurationPlatforms) = preSolution
		Debug|Any CPU = Debug|Any CPU
		Release|Any CPU = Release|Any CPU
	EndGlobalSection
	GlobalSection(ProjectConfigurationPlatforms) = postSolution
		{74765B27-1F08-4E91-8955-7349ACFF9C1A}.Debug|Any CPU.ActiveCfg = Debug|Any CPU
		{74765B27-1F08-4E91-8955-7349ACFF9C1A}.Debug|Any CPU.Build.0 = Debug|Any CPU
		{74765B27-1F08-4E91-8955-7349ACFF9C1A}.Release|Any CPU.ActiveCfg = Release|Any CPU
		{74765B27-1F08-4E91-8955-7349ACFF9C1A}.Release|Any CPU.Build.0 = Release|Any CPU
	EndGlobalSection
	GlobalSection(SolutionProperties) = preSolution
		HideSolutionNode = FALSE
	EndGlobalSection
	GlobalSection(ExtensibilityGlobals) = postSolution
		SolutionGuid = {EF57D055-8A5E-42FD-B7E4-9FCEA8F72905}
	EndGlobalSection
EndGlobal
