
Microsoft Visual Studio Solution File, Format Version 12.00
# Visual Studio 15
VisualStudioVersion = 15.0.28010.2046
MinimumVisualStudioVersion = 10.0.40219.1
Project("{FAE04EC0-301F-11D3-BF4B-00C04F79EFBC}") = "TimeTracker", "WpfApp1\TimeTracker.csproj", "{4918904A-F110-407C-84B7-4C3F029FE444}"
EndProject
Project("{FAE04EC0-301F-11D3-BF4B-00C04F79EFBC}") = "TimeTrackerTest", "TimeTrackerTest\TimeTrackerTest.csproj", "{93B8A279-175E-4ED6-80FA-F40F9715E820}"
EndProject
Global
	GlobalSection(SolutionConfigurationPlatforms) = preSolution
		Debug|Any CPU = Debug|Any CPU
		Release|Any CPU = Release|Any CPU
	EndGlobalSection
	GlobalSection(ProjectConfigurationPlatforms) = postSolution
		{4918904A-F110-407C-84B7-4C3F029FE444}.Debug|Any CPU.ActiveCfg = Debug|Any CPU
		{4918904A-F110-407C-84B7-4C3F029FE444}.Debug|Any CPU.Build.0 = Debug|Any CPU
		{4918904A-F110-407C-84B7-4C3F029FE444}.Release|Any CPU.ActiveCfg = Release|Any CPU
		{4918904A-F110-407C-84B7-4C3F029FE444}.Release|Any CPU.Build.0 = Release|Any CPU
		{93B8A279-175E-4ED6-80FA-F40F9715E820}.Debug|Any CPU.ActiveCfg = Debug|Any CPU
		{93B8A279-175E-4ED6-80FA-F40F9715E820}.Debug|Any CPU.Build.0 = Debug|Any CPU
		{93B8A279-175E-4ED6-80FA-F40F9715E820}.Release|Any CPU.ActiveCfg = Release|Any CPU
		{93B8A279-175E-4ED6-80FA-F40F9715E820}.Release|Any CPU.Build.0 = Release|Any CPU
	EndGlobalSection
	GlobalSection(SolutionProperties) = preSolution
		HideSolutionNode = FALSE
	EndGlobalSection
	GlobalSection(ExtensibilityGlobals) = postSolution
		SolutionGuid = {1BC42EF3-632C-4F84-8339-1D4AA9EC6FED}
	EndGlobalSection
EndGlobal
