
Microsoft Visual Studio Solution File, Format Version 12.00
# Visual Studio 15
VisualStudioVersion = 15.0.26124.0
MinimumVisualStudioVersion = 15.0.26124.0
Project("{2150E333-8FDC-42A3-9474-1A3956D46DE8}") = "test", "test", "{A48E59F8-C59A-4F27-A938-22C54DA1A575}"
EndProject
Project("{FAE04EC0-301F-11D3-BF4B-00C04F79EFBC}") = "MathExpressions.Tests", "test\MathExpressions.Tests\MathExpressions.Tests.csproj", "{9C99B3A0-F02D-496E-B620-31F279568039}"
EndProject
Project("{2150E333-8FDC-42A3-9474-1A3956D46DE8}") = "src", "src", "{258BE793-9A8D-4E47-A66C-32C28B538FBF}"
EndProject
Project("{FAE04EC0-301F-11D3-BF4B-00C04F79EFBC}") = "MathExpressions", "src\MathExpressions\MathExpressions.csproj", "{9F52366E-0374-4D84-BF0C-CFD0722A68DB}"
EndProject
Global
	GlobalSection(SolutionConfigurationPlatforms) = preSolution
		Debug|Any CPU = Debug|Any CPU
		Debug|x64 = Debug|x64
		Debug|x86 = Debug|x86
		Release|Any CPU = Release|Any CPU
		Release|x64 = Release|x64
		Release|x86 = Release|x86
	EndGlobalSection
	GlobalSection(SolutionProperties) = preSolution
		HideSolutionNode = FALSE
	EndGlobalSection
	GlobalSection(ProjectConfigurationPlatforms) = postSolution
		{9C99B3A0-F02D-496E-B620-31F279568039}.Debug|Any CPU.ActiveCfg = Debug|Any CPU
		{9C99B3A0-F02D-496E-B620-31F279568039}.Debug|Any CPU.Build.0 = Debug|Any CPU
		{9C99B3A0-F02D-496E-B620-31F279568039}.Debug|x64.ActiveCfg = Debug|Any CPU
		{9C99B3A0-F02D-496E-B620-31F279568039}.Debug|x64.Build.0 = Debug|Any CPU
		{9C99B3A0-F02D-496E-B620-31F279568039}.Debug|x86.ActiveCfg = Debug|Any CPU
		{9C99B3A0-F02D-496E-B620-31F279568039}.Debug|x86.Build.0 = Debug|Any CPU
		{9C99B3A0-F02D-496E-B620-31F279568039}.Release|Any CPU.ActiveCfg = Release|Any CPU
		{9C99B3A0-F02D-496E-B620-31F279568039}.Release|Any CPU.Build.0 = Release|Any CPU
		{9C99B3A0-F02D-496E-B620-31F279568039}.Release|x64.ActiveCfg = Release|Any CPU
		{9C99B3A0-F02D-496E-B620-31F279568039}.Release|x64.Build.0 = Release|Any CPU
		{9C99B3A0-F02D-496E-B620-31F279568039}.Release|x86.ActiveCfg = Release|Any CPU
		{9C99B3A0-F02D-496E-B620-31F279568039}.Release|x86.Build.0 = Release|Any CPU
		{9F52366E-0374-4D84-BF0C-CFD0722A68DB}.Debug|Any CPU.ActiveCfg = Debug|Any CPU
		{9F52366E-0374-4D84-BF0C-CFD0722A68DB}.Debug|Any CPU.Build.0 = Debug|Any CPU
		{9F52366E-0374-4D84-BF0C-CFD0722A68DB}.Debug|x64.ActiveCfg = Debug|Any CPU
		{9F52366E-0374-4D84-BF0C-CFD0722A68DB}.Debug|x64.Build.0 = Debug|Any CPU
		{9F52366E-0374-4D84-BF0C-CFD0722A68DB}.Debug|x86.ActiveCfg = Debug|Any CPU
		{9F52366E-0374-4D84-BF0C-CFD0722A68DB}.Debug|x86.Build.0 = Debug|Any CPU
		{9F52366E-0374-4D84-BF0C-CFD0722A68DB}.Release|Any CPU.ActiveCfg = Release|Any CPU
		{9F52366E-0374-4D84-BF0C-CFD0722A68DB}.Release|Any CPU.Build.0 = Release|Any CPU
		{9F52366E-0374-4D84-BF0C-CFD0722A68DB}.Release|x64.ActiveCfg = Release|Any CPU
		{9F52366E-0374-4D84-BF0C-CFD0722A68DB}.Release|x64.Build.0 = Release|Any CPU
		{9F52366E-0374-4D84-BF0C-CFD0722A68DB}.Release|x86.ActiveCfg = Release|Any CPU
		{9F52366E-0374-4D84-BF0C-CFD0722A68DB}.Release|x86.Build.0 = Release|Any CPU
	EndGlobalSection
	GlobalSection(NestedProjects) = preSolution
		{9C99B3A0-F02D-496E-B620-31F279568039} = {A48E59F8-C59A-4F27-A938-22C54DA1A575}
		{9F52366E-0374-4D84-BF0C-CFD0722A68DB} = {258BE793-9A8D-4E47-A66C-32C28B538FBF}
	EndGlobalSection
EndGlobal
