
Microsoft Visual Studio Solution File, Format Version 12.00
# Visual Studio 15
VisualStudioVersion = 15.0.26124.0
MinimumVisualStudioVersion = 15.0.26124.0
Project("{2150E333-8FDC-42A3-9474-1A3956D46DE8}") = "test", "test", "{92374142-7806-49D9-84E8-3D1F592F994D}"
EndProject
Project("{FAE04EC0-301F-11D3-BF4B-00C04F79EFBC}") = "HelloConsole.Tests", "test\HelloConsole.Tests\HelloConsole.Tests.csproj", "{594E58C9-D866-4D05-8958-B5E624D17D12}"
EndProject
Project("{2150E333-8FDC-42A3-9474-1A3956D46DE8}") = "src", "src", "{597D0DD0-D534-4B06-B836-412CA650F91A}"
EndProject
Project("{FAE04EC0-301F-11D3-BF4B-00C04F79EFBC}") = "HelloConsole", "src\HelloConsole\HelloConsole.csproj", "{3FAE56EB-3AF5-445A-9F9C-A6402F153ED2}"
EndProject
Global
	GlobalSection(SolutionConfigurationPlatforms) = preSolution
		Debug|Any CPU = Debug|Any CPU
		Debug|x64 = Debug|x64
		Debug|x86 = Debug|x86
		Release|Any CPU = Release|Any CPU
		Release|x64 = Release|x64
		Release|x86 = Release|x86
	EndGlobalSection
	GlobalSection(SolutionProperties) = preSolution
		HideSolutionNode = FALSE
	EndGlobalSection
	GlobalSection(ProjectConfigurationPlatforms) = postSolution
		{594E58C9-D866-4D05-8958-B5E624D17D12}.Debug|Any CPU.ActiveCfg = Debug|Any CPU
		{594E58C9-D866-4D05-8958-B5E624D17D12}.Debug|Any CPU.Build.0 = Debug|Any CPU
		{594E58C9-D866-4D05-8958-B5E624D17D12}.Debug|x64.ActiveCfg = Debug|Any CPU
		{594E58C9-D866-4D05-8958-B5E624D17D12}.Debug|x64.Build.0 = Debug|Any CPU
		{594E58C9-D866-4D05-8958-B5E624D17D12}.Debug|x86.ActiveCfg = Debug|Any CPU
		{594E58C9-D866-4D05-8958-B5E624D17D12}.Debug|x86.Build.0 = Debug|Any CPU
		{594E58C9-D866-4D05-8958-B5E624D17D12}.Release|Any CPU.ActiveCfg = Release|Any CPU
		{594E58C9-D866-4D05-8958-B5E624D17D12}.Release|Any CPU.Build.0 = Release|Any CPU
		{594E58C9-D866-4D05-8958-B5E624D17D12}.Release|x64.ActiveCfg = Release|Any CPU
		{594E58C9-D866-4D05-8958-B5E624D17D12}.Release|x64.Build.0 = Release|Any CPU
		{594E58C9-D866-4D05-8958-B5E624D17D12}.Release|x86.ActiveCfg = Release|Any CPU
		{594E58C9-D866-4D05-8958-B5E624D17D12}.Release|x86.Build.0 = Release|Any CPU
		{3FAE56EB-3AF5-445A-9F9C-A6402F153ED2}.Debug|Any CPU.ActiveCfg = Debug|Any CPU
		{3FAE56EB-3AF5-445A-9F9C-A6402F153ED2}.Debug|Any CPU.Build.0 = Debug|Any CPU
		{3FAE56EB-3AF5-445A-9F9C-A6402F153ED2}.Debug|x64.ActiveCfg = Debug|Any CPU
		{3FAE56EB-3AF5-445A-9F9C-A6402F153ED2}.Debug|x64.Build.0 = Debug|Any CPU
		{3FAE56EB-3AF5-445A-9F9C-A6402F153ED2}.Debug|x86.ActiveCfg = Debug|Any CPU
		{3FAE56EB-3AF5-445A-9F9C-A6402F153ED2}.Debug|x86.Build.0 = Debug|Any CPU
		{3FAE56EB-3AF5-445A-9F9C-A6402F153ED2}.Release|Any CPU.ActiveCfg = Release|Any CPU
		{3FAE56EB-3AF5-445A-9F9C-A6402F153ED2}.Release|Any CPU.Build.0 = Release|Any CPU
		{3FAE56EB-3AF5-445A-9F9C-A6402F153ED2}.Release|x64.ActiveCfg = Release|Any CPU
		{3FAE56EB-3AF5-445A-9F9C-A6402F153ED2}.Release|x64.Build.0 = Release|Any CPU
		{3FAE56EB-3AF5-445A-9F9C-A6402F153ED2}.Release|x86.ActiveCfg = Release|Any CPU
		{3FAE56EB-3AF5-445A-9F9C-A6402F153ED2}.Release|x86.Build.0 = Release|Any CPU
	EndGlobalSection
	GlobalSection(NestedProjects) = preSolution
		{594E58C9-D866-4D05-8958-B5E624D17D12} = {92374142-7806-49D9-84E8-3D1F592F994D}
		{3FAE56EB-3AF5-445A-9F9C-A6402F153ED2} = {597D0DD0-D534-4B06-B836-412CA650F91A}
	EndGlobalSection
EndGlobal
