
Microsoft Visual Studio Solution File, Format Version 12.00
# Visual Studio 15
VisualStudioVersion = 15.0.26124.0
MinimumVisualStudioVersion = 15.0.26124.0
Project("{9A19103F-16F7-4668-BE54-9A1E7A4F7556}") = "LoginStuff.Tests", "LoginStuff.Tests\LoginStuff.Tests.csproj", "{48B311FC-462A-42EF-861F-FB92B2C813B0}"
EndProject
Project("{FAE04EC0-301F-11D3-BF4B-00C04F79EFBC}") = "LoginStuff", "LoginStuff\LoginStuff.csproj", "{091C6DF8-F09E-41CC-AE8A-B44D8E4FF6EF}"
EndProject
Global
	GlobalSection(SolutionConfigurationPlatforms) = preSolution
		Debug|Any CPU = Debug|Any CPU
		Debug|x64 = Debug|x64
		Debug|x86 = Debug|x86
		Release|Any CPU = Release|Any CPU
		Release|x64 = Release|x64
		Release|x86 = Release|x86
	EndGlobalSection
	GlobalSection(ProjectConfigurationPlatforms) = postSolution
		{48B311FC-462A-42EF-861F-FB92B2C813B0}.Debug|Any CPU.ActiveCfg = Debug|Any CPU
		{48B311FC-462A-42EF-861F-FB92B2C813B0}.Debug|Any CPU.Build.0 = Debug|Any CPU
		{48B311FC-462A-42EF-861F-FB92B2C813B0}.Debug|x64.ActiveCfg = Debug|Any CPU
		{48B311FC-462A-42EF-861F-FB92B2C813B0}.Debug|x64.Build.0 = Debug|Any CPU
		{48B311FC-462A-42EF-861F-FB92B2C813B0}.Debug|x86.ActiveCfg = Debug|Any CPU
		{48B311FC-462A-42EF-861F-FB92B2C813B0}.Debug|x86.Build.0 = Debug|Any CPU
		{48B311FC-462A-42EF-861F-FB92B2C813B0}.Release|Any CPU.ActiveCfg = Release|Any CPU
		{48B311FC-462A-42EF-861F-FB92B2C813B0}.Release|Any CPU.Build.0 = Release|Any CPU
		{48B311FC-462A-42EF-861F-FB92B2C813B0}.Release|x64.ActiveCfg = Release|Any CPU
		{48B311FC-462A-42EF-861F-FB92B2C813B0}.Release|x64.Build.0 = Release|Any CPU
		{48B311FC-462A-42EF-861F-FB92B2C813B0}.Release|x86.ActiveCfg = Release|Any CPU
		{48B311FC-462A-42EF-861F-FB92B2C813B0}.Release|x86.Build.0 = Release|Any CPU
		{091C6DF8-F09E-41CC-AE8A-B44D8E4FF6EF}.Debug|Any CPU.ActiveCfg = Debug|Any CPU
		{091C6DF8-F09E-41CC-AE8A-B44D8E4FF6EF}.Debug|Any CPU.Build.0 = Debug|Any CPU
		{091C6DF8-F09E-41CC-AE8A-B44D8E4FF6EF}.Debug|x64.ActiveCfg = Debug|Any CPU
		{091C6DF8-F09E-41CC-AE8A-B44D8E4FF6EF}.Debug|x64.Build.0 = Debug|Any CPU
		{091C6DF8-F09E-41CC-AE8A-B44D8E4FF6EF}.Debug|x86.ActiveCfg = Debug|Any CPU
		{091C6DF8-F09E-41CC-AE8A-B44D8E4FF6EF}.Debug|x86.Build.0 = Debug|Any CPU
		{091C6DF8-F09E-41CC-AE8A-B44D8E4FF6EF}.Release|Any CPU.ActiveCfg = Release|Any CPU
		{091C6DF8-F09E-41CC-AE8A-B44D8E4FF6EF}.Release|Any CPU.Build.0 = Release|Any CPU
		{091C6DF8-F09E-41CC-AE8A-B44D8E4FF6EF}.Release|x64.ActiveCfg = Release|Any CPU
		{091C6DF8-F09E-41CC-AE8A-B44D8E4FF6EF}.Release|x64.Build.0 = Release|Any CPU
		{091C6DF8-F09E-41CC-AE8A-B44D8E4FF6EF}.Release|x86.ActiveCfg = Release|Any CPU
		{091C6DF8-F09E-41CC-AE8A-B44D8E4FF6EF}.Release|x86.Build.0 = Release|Any CPU
	EndGlobalSection
	GlobalSection(SolutionProperties) = preSolution
		HideSolutionNode = FALSE
	EndGlobalSection
	GlobalSection(ExtensibilityGlobals) = postSolution
		SolutionGuid = {998A086B-B843-4683-AA86-C087E0F4482D}
	EndGlobalSection
EndGlobal
